
Microsoft Visual Studio Solution File, Format Version 12.00
# Visual Studio 15
VisualStudioVersion = 15.0.26730.12
MinimumVisualStudioVersion = 10.0.40219.1
Project("{FAE04EC0-301F-11D3-BF4B-00C04F79EFBC}") = "WindowsFormsApp1", "WindowsFormsApp1\WindowsFormsApp1.csproj", "{A66BF75F-AA74-45DC-BD7F-19F272833575}"
EndProject
Global
	GlobalSection(SolutionConfigurationPlatforms) = preSolution
		Debug|Any CPU = Debug|Any CPU
		Release|Any CPU = Release|Any CPU
	EndGlobalSection
	GlobalSection(ProjectConfigurationPlatforms) = postSolution
		{A66BF75F-AA74-45DC-BD7F-19F272833575}.Debug|Any CPU.ActiveCfg = Debug|Any CPU
		{A66BF75F-AA74-45DC-BD7F-19F272833575}.Debug|Any CPU.Build.0 = Debug|Any CPU
		{A66BF75F-AA74-45DC-BD7F-19F272833575}.Release|Any CPU.ActiveCfg = Release|Any CPU
		{A66BF75F-AA74-45DC-BD7F-19F272833575}.Release|Any CPU.Build.0 = Release|Any CPU
	EndGlobalSection
	GlobalSection(SolutionProperties) = preSolution
		HideSolutionNode = FALSE
	EndGlobalSection
	GlobalSection(ExtensibilityGlobals) = postSolution
		SolutionGuid = {DE3E155D-591D-47EA-943D-E81D8C616EF2}
	EndGlobalSection
EndGlobal
